
Microsoft Visual Studio Solution File, Format Version 12.00
# Visual Studio 15
VisualStudioVersion = 15.0.27130.2027
MinimumVisualStudioVersion = 10.0.40219.1
Project("{FAE04EC0-301F-11D3-BF4B-00C04F79EFBC}") = "MathematicsLibrary", "MathematicsLibrary\MathematicsLibrary.csproj", "{D5F05D30-5909-4651-8749-8E4F7CD90545}"
EndProject
Global
	GlobalSection(SolutionConfigurationPlatforms) = preSolution
		Debug|Any CPU = Debug|Any CPU
		Release|Any CPU = Release|Any CPU
	EndGlobalSection
	GlobalSection(ProjectConfigurationPlatforms) = postSolution
		{D5F05D30-5909-4651-8749-8E4F7CD90545}.Debug|Any CPU.ActiveCfg = Debug|Any CPU
		{D5F05D30-5909-4651-8749-8E4F7CD90545}.Debug|Any CPU.Build.0 = Debug|Any CPU
		{D5F05D30-5909-4651-8749-8E4F7CD90545}.Release|Any CPU.ActiveCfg = Release|Any CPU
		{D5F05D30-5909-4651-8749-8E4F7CD90545}.Release|Any CPU.Build.0 = Release|Any CPU
	EndGlobalSection
	GlobalSection(SolutionProperties) = preSolution
		HideSolutionNode = FALSE
	EndGlobalSection
	GlobalSection(ExtensibilityGlobals) = postSolution
		SolutionGuid = {92788C4E-3D0C-41E6-BCEF-A8DE28B5D1F8}
	EndGlobalSection
EndGlobal
